{
    "requires": true,
    "lockfileVersion": 1,
    "dependencies": {
        "datatables.net": {
            "version": "2.1.7",
            "resolved": "https://registry.npmjs.org/datatables.net/-/datatables.net-2.1.7.tgz",
            "integrity": "sha512-ZSsBmYN9m++WHm+nfJm2cPfC0I25CBRx358qebzEW9WWXYjPZFJs8iRs9+nzv8P7HgvqQu8kKBmQzW1+ByhuUA==",
            "requires": {
                "jquery": ">=1.7"
            }
        },
        "datatables.net-bs4": {
            "version": "2.1.7",
            "resolved": "https://registry.npmjs.org/datatables.net-bs4/-/datatables.net-bs4-2.1.7.tgz",
            "integrity": "sha512-ixQC/OZjLbZw+Nrwr1aXfESUxjyzJW+WSqWnJb3RxQyGkR0EqHQJjiFqzmRbcZyi8OMGd2dIoKsO2fA099uobw==",
            "requires": {
                "datatables.net": "2.1.7",
                "jquery": ">=1.7"
            }
        },
        "jquery": {
            "version": "3.7.1",
            "resolved": "https://registry.npmjs.org/jquery/-/jquery-3.7.1.tgz",
            "integrity": "sha512-m4avr8yL8kmFN8psrbFFFmB/If14iN5o9nw/NgnnM+kybDJpRsAynV2BsfpTYrTRysYUdADVD7CkUUizgkpLfg=="
        }
    }
}
